{
  "nodes": {
    "aagl": {
      "inputs": {
        "flake-compat": "flake-compat",
        "nixpkgs": [
          "nixpkgs"
        ],
        "rust-overlay": "rust-overlay"
      },
      "locked": {
        "lastModified": 1783689560,
        "narHash": "sha256-2BeIm8gD/Aj+cdBCq2+jro4KJaMLKKIYJR5ssTmZtZw=",
        "owner": "ezKEa",
        "repo": "aagl-gtk-on-nix",
        "rev": "cc6191219c9718b99285d542781878355c97527e",
        "type": "github"
      },
      "original": {
        "owner": "ezKEa",
        "ref": "release-26.05",
        "repo": "aagl-gtk-on-nix",
        "type": "github"
      }
    },
    "flake-compat": {
      "flake": false,
      "locked": {
        "lastModified": 1767039857,
        "narHash": "sha256-vNpUSpF5Nuw8xvDLj2KCwwksIbjua2LZCqhV1LNRDns=",
        "owner": "edolstra",
        "repo": "flake-compat",
        "rev": "5edf11c44bc78a0d334f6334cdaf7d60d732daab",
        "type": "github"
      },
      "original": {
        "owner": "edolstra",
        "repo": "flake-compat",
        "type": "github"
      }
    },
    "home-manager": {
      "inputs": {
        "nixpkgs": [
          "nixpkgs"
        ]
      },
      "locked": {
        "lastModified": 1783740085,
        "narHash": "sha256-qajyHfZY29G2oEQk+uHxmsJcRoBUBXP9maTpFlwP/dI=",
        "owner": "nix-community",
        "repo": "home-manager",
        "rev": "3cd22efe6471dc7365c822bd9ad73a21e55f38fb",
        "type": "github"
      },
      "original": {
        "owner": "nix-community",
        "ref": "release-26.05",
        "repo": "home-manager",
        "type": "github"
      }
    },
    "matugen": {
      "inputs": {
        "nixpkgs": [
          "nixpkgs"
        ],
        "systems": "systems"
      },
      "locked": {
        "lastModified": 1783421544,
        "narHash": "sha256-msVlanBvdLsMeLdXnBQ6f9nRHKmDf7vhKoQMtyYbS8c=",
        "owner": "InioX",
        "repo": "Matugen",
        "rev": "cf3c74c231e526121bd8e2ce0f1d04702301c342",
        "type": "github"
      },
      "original": {
        "owner": "InioX",
        "repo": "Matugen",
        "type": "github"
      }
    },
    "nixpkgs": {
      "locked": {
        "lastModified": 1783776592,
        "narHash": "sha256-UgCQzxeWI75XM8G+hPrPh+MKzEPjG3SpAj7dtqSbksA=",
        "owner": "NixOs",
        "repo": "nixpkgs",
        "rev": "e7a3ca8092b61ff85b6a45bf863ea2b2d6a661b3",
        "type": "github"
      },
      "original": {
        "owner": "NixOs",
        "ref": "nixos-unstable",
        "repo": "nixpkgs",
        "type": "github"
      }
    },
    "root": {
      "inputs": {
        "aagl": "aagl",
        "home-manager": "home-manager",
        "matugen": "matugen",
        "nixpkgs": "nixpkgs",
        "shojiwm": "shojiwm",
        "xwayland-satellite-shojiwm": "xwayland-satellite-shojiwm",
        "zen-browser": "zen-browser"
      }
    },
    "rust-overlay": {
      "inputs": {
        "nixpkgs": [
          "aagl",
          "nixpkgs"
        ]
      },
      "locked": {
        "lastModified": 1782962170,
        "narHash": "sha256-HsaK9yDDypMB2TPxAYz0mPKtmYhgNwFQa72b3Ko6kRE=",
        "owner": "oxalica",
        "repo": "rust-overlay",
        "rev": "e3fa5cf86b93914b8f312b2a1ca14fbb139c655c",
        "type": "github"
      },
      "original": {
        "owner": "oxalica",
        "repo": "rust-overlay",
        "type": "github"
      }
    },
    "rust-overlay_2": {
      "inputs": {
        "nixpkgs": [
          "xwayland-satellite-shojiwm",
          "nixpkgs"
        ]
      },
      "locked": {
        "lastModified": 1769222645,
        "narHash": "sha256-gu6oZ86zLudBZMq8LL1qdtYt/S69GV5keQVXdvBrVSU=",
        "owner": "oxalica",
        "repo": "rust-overlay",
        "rev": "22da29e7f3d8cff75009cbbcf992c7cb66920cfd",
        "type": "github"
      },
      "original": {
        "owner": "oxalica",
        "repo": "rust-overlay",
        "type": "github"
      }
    },
    "shojiwm": {
      "inputs": {
        "nixpkgs": [
          "nixpkgs"
        ]
      },
      "locked": {
        "lastModified": 1784030260,
        "narHash": "sha256-ZYYtLJ4mgqgVPEdxr7nLQcDPxcssg2XSKs9RFRVS3pM=",
        "owner": "bea4dev",
        "repo": "ShojiWM",
        "rev": "782408ee6dac3c6872e210e671ec5dbc92bc5ca9",
        "type": "github"
      },
      "original": {
        "owner": "bea4dev",
        "repo": "ShojiWM",
        "type": "github"
      }
    },
    "systems": {
      "locked": {
        "lastModified": 1689347949,
        "narHash": "sha256-12tWmuL2zgBgZkdoB6qXZsgJEH9LR3oUgpaQq2RbI80=",
        "owner": "nix-systems",
        "repo": "default-linux",
        "rev": "31732fcf5e8fea42e59c2488ad31a0e651500f68",
        "type": "github"
      },
      "original": {
        "owner": "nix-systems",
        "repo": "default-linux",
        "type": "github"
      }
    },
    "xwayland-satellite-shojiwm": {
      "inputs": {
        "nixpkgs": [
          "nixpkgs"
        ],
        "rust-overlay": "rust-overlay_2"
      },
      "locked": {
        "lastModified": 1782133223,
        "narHash": "sha256-tOYmCg8qCZn4s85347iWwz0XecsI3vIqMeQLoJHBbKs=",
        "owner": "bea4dev",
        "repo": "xwayland-satellite",
        "rev": "d81f90804dbd3c9dde4b5f0035dd05c56b51de97",
        "type": "github"
      },
      "original": {
        "owner": "bea4dev",
        "ref": "shojiwm",
        "repo": "xwayland-satellite",
        "type": "github"
      }
    },
    "zen-browser": {
      "inputs": {
        "home-manager": [
          "home-manager"
        ],
        "nixpkgs": [
          "nixpkgs"
        ]
      },
      "locked": {
        "lastModified": 1784034796,
        "narHash": "sha256-BepIbsphkjzA8Ga2vimRGGrHpPTM+SkxXBx6S7C65RM=",
        "owner": "0xc000022070",
        "repo": "zen-browser-flake",
        "rev": "75500cc6af2e1d28ded7ec44b855d3b72a9ecb04",
        "type": "github"
      },
      "original": {
        "owner": "0xc000022070",
        "repo": "zen-browser-flake",
        "type": "github"
      }
    }
  },
  "root": "root",
  "version": 7
}
